
Microsoft Visual Studio Solution File, Format Version 12.00
# Visual Studio 15
VisualStudioVersion = 15.0.27703.2000
MinimumVisualStudioVersion = 10.0.40219.1
Project("{F184B08F-C81C-45F6-A57F-5ABD9991F28F}") = "CommonVoiceToolBySM", "CommonVoiceToolBySM\CommonVoiceToolBySM.vbproj", "{FDD149FD-B884-40BF-8165-0D8DB6E3CD0C}"
EndProject
Global
	GlobalSection(SolutionConfigurationPlatforms) = preSolution
		Debug|Any CPU = Debug|Any CPU
		Release|Any CPU = Release|Any CPU
	EndGlobalSection
	GlobalSection(ProjectConfigurationPlatforms) = postSolution
		{FDD149FD-B884-40BF-8165-0D8DB6E3CD0C}.Debug|Any CPU.ActiveCfg = Debug|Any CPU
		{FDD149FD-B884-40BF-8165-0D8DB6E3CD0C}.Debug|Any CPU.Build.0 = Debug|Any CPU
		{FDD149FD-B884-40BF-8165-0D8DB6E3CD0C}.Release|Any CPU.ActiveCfg = Release|Any CPU
		{FDD149FD-B884-40BF-8165-0D8DB6E3CD0C}.Release|Any CPU.Build.0 = Release|Any CPU
	EndGlobalSection
	GlobalSection(SolutionProperties) = preSolution
		HideSolutionNode = FALSE
	EndGlobalSection
	GlobalSection(ExtensibilityGlobals) = postSolution
		SolutionGuid = {268FD3BA-24C3-49D3-8825-8D4C27AE482F}
	EndGlobalSection
EndGlobal
